
Microsoft Visual Studio Solution File, Format Version 12.00
# Visual Studio Version 17
VisualStudioVersion = 17.8.34330.188
MinimumVisualStudioVersion = 10.0.40219.1
Project("{FAE04EC0-301F-11D3-BF4B-00C04F79EFBC}") = "SearchWordApp", "SearchWordApp.csproj", "{71705775-6E54-43AF-90B1-3B62B86D73A6}"
EndProject
Global
	GlobalSection(SolutionConfigurationPlatforms) = preSolution
		Debug|Any CPU = Debug|Any CPU
		Release|Any CPU = Release|Any CPU
	EndGlobalSection
	GlobalSection(ProjectConfigurationPlatforms) = postSolution
		{71705775-6E54-43AF-90B1-3B62B86D73A6}.Debug|Any CPU.ActiveCfg = Debug|Any CPU
		{71705775-6E54-43AF-90B1-3B62B86D73A6}.Debug|Any CPU.Build.0 = Debug|Any CPU
		{71705775-6E54-43AF-90B1-3B62B86D73A6}.Release|Any CPU.ActiveCfg = Release|Any CPU
		{71705775-6E54-43AF-90B1-3B62B86D73A6}.Release|Any CPU.Build.0 = Release|Any CPU
	EndGlobalSection
	GlobalSection(SolutionProperties) = preSolution
		HideSolutionNode = FALSE
	EndGlobalSection
	GlobalSection(ExtensibilityGlobals) = postSolution
		SolutionGuid = {7FD112F7-3736-4FFC-889E-F7AB9D28B211}
	EndGlobalSection
EndGlobal
